
Microsoft Visual Studio Solution File, Format Version 12.00
# Visual Studio Version 16
VisualStudioVersion = 16.0.29613.14
MinimumVisualStudioVersion = 10.0.40219.1
Project("{FAE04EC0-301F-11D3-BF4B-00C04F79EFBC}") = "Omegle Chat Scraper", "Omegle Chat Scraper\Omegle Chat Scraper.csproj", "{3331C296-1E5A-4AD5-AB44-917EA17D43A0}"
EndProject
Project("{FAE04EC0-301F-11D3-BF4B-00C04F79EFBC}") = "Example", "Example\Example.csproj", "{250F264E-021D-4513-9BA8-A4143CEA18E7}"
EndProject
Global
	GlobalSection(SolutionConfigurationPlatforms) = preSolution
		Debug|Any CPU = Debug|Any CPU
		Release|Any CPU = Release|Any CPU
	EndGlobalSection
	GlobalSection(ProjectConfigurationPlatforms) = postSolution
		{3331C296-1E5A-4AD5-AB44-917EA17D43A0}.Debug|Any CPU.ActiveCfg = Debug|Any CPU
		{3331C296-1E5A-4AD5-AB44-917EA17D43A0}.Debug|Any CPU.Build.0 = Debug|Any CPU
		{3331C296-1E5A-4AD5-AB44-917EA17D43A0}.Release|Any CPU.ActiveCfg = Release|Any CPU
		{3331C296-1E5A-4AD5-AB44-917EA17D43A0}.Release|Any CPU.Build.0 = Release|Any CPU
		{250F264E-021D-4513-9BA8-A4143CEA18E7}.Debug|Any CPU.ActiveCfg = Debug|Any CPU
		{250F264E-021D-4513-9BA8-A4143CEA18E7}.Debug|Any CPU.Build.0 = Debug|Any CPU
		{250F264E-021D-4513-9BA8-A4143CEA18E7}.Release|Any CPU.ActiveCfg = Release|Any CPU
		{250F264E-021D-4513-9BA8-A4143CEA18E7}.Release|Any CPU.Build.0 = Release|Any CPU
	EndGlobalSection
	GlobalSection(SolutionProperties) = preSolution
		HideSolutionNode = FALSE
	EndGlobalSection
	GlobalSection(ExtensibilityGlobals) = postSolution
		SolutionGuid = {473348B5-0D5C-47D9-B9C8-9DF4E90735D4}
	EndGlobalSection
EndGlobal
